{
  "name": "rwanda-export",
  "version": "1.0.0",
  "lockfileVersion": 3,
  "requires": true,
  "packages": {
    "": {
      "name": "rwanda-export",
      "version": "1.0.0",
      "license": "ISC",
      "dependencies": {
        "rwanda-locations": "^1.2.2"
      }
    },
    "node_modules/rwanda-locations": {
      "version": "1.2.2",
      "resolved": "https://registry.npmjs.org/rwanda-locations/-/rwanda-locations-1.2.2.tgz",
      "integrity": "sha512-b0lg6P3nnqZJM4DL4cSNAqQvzGmFqaGXfzzW/3gzURaOOuAJd7KvTjNHZPq75Qi8atrP1kJbzTpqnSXiaLk3nQ==",
      "license": "MIT"
    }
  }
}
